
Microsoft Visual Studio Solution File, Format Version 12.00
# Visual Studio Version 17
VisualStudioVersion = 17.4.33213.308
MinimumVisualStudioVersion = 10.0.40219.1
Project("{FAE04EC0-301F-11D3-BF4B-00C04F79EFBC}") = "Q9", "Q9\Q9.csproj", "{93E1BEEA-A919-4D57-9864-49833EB02A6B}"
EndProject
Global
	GlobalSection(SolutionConfigurationPlatforms) = preSolution
		Debug|Any CPU = Debug|Any CPU
		Release|Any CPU = Release|Any CPU
	EndGlobalSection
	GlobalSection(ProjectConfigurationPlatforms) = postSolution
		{93E1BEEA-A919-4D57-9864-49833EB02A6B}.Debug|Any CPU.ActiveCfg = Debug|Any CPU
		{93E1BEEA-A919-4D57-9864-49833EB02A6B}.Debug|Any CPU.Build.0 = Debug|Any CPU
		{93E1BEEA-A919-4D57-9864-49833EB02A6B}.Release|Any CPU.ActiveCfg = Release|Any CPU
		{93E1BEEA-A919-4D57-9864-49833EB02A6B}.Release|Any CPU.Build.0 = Release|Any CPU
	EndGlobalSection
	GlobalSection(SolutionProperties) = preSolution
		HideSolutionNode = FALSE
	EndGlobalSection
	GlobalSection(ExtensibilityGlobals) = postSolution
		SolutionGuid = {C0BA52A5-C07F-4D49-A681-48769D82CE5D}
	EndGlobalSection
EndGlobal
