
Microsoft Visual Studio Solution File, Format Version 12.00
# Visual Studio Version 17
VisualStudioVersion = 17.4.33213.308
MinimumVisualStudioVersion = 10.0.40219.1
Project("{FAE04EC0-301F-11D3-BF4B-00C04F79EFBC}") = "q17", "q17\q17.csproj", "{EFF4CDCE-AAE7-48E2-8895-FA945C701288}"
EndProject
Global
	GlobalSection(SolutionConfigurationPlatforms) = preSolution
		Debug|Any CPU = Debug|Any CPU
		Release|Any CPU = Release|Any CPU
	EndGlobalSection
	GlobalSection(ProjectConfigurationPlatforms) = postSolution
		{EFF4CDCE-AAE7-48E2-8895-FA945C701288}.Debug|Any CPU.ActiveCfg = Debug|Any CPU
		{EFF4CDCE-AAE7-48E2-8895-FA945C701288}.Debug|Any CPU.Build.0 = Debug|Any CPU
		{EFF4CDCE-AAE7-48E2-8895-FA945C701288}.Release|Any CPU.ActiveCfg = Release|Any CPU
		{EFF4CDCE-AAE7-48E2-8895-FA945C701288}.Release|Any CPU.Build.0 = Release|Any CPU
	EndGlobalSection
	GlobalSection(SolutionProperties) = preSolution
		HideSolutionNode = FALSE
	EndGlobalSection
	GlobalSection(ExtensibilityGlobals) = postSolution
		SolutionGuid = {B82CF2E7-DE30-4D59-A06A-6517D729B40C}
	EndGlobalSection
EndGlobal
