
Microsoft Visual Studio Solution File, Format Version 12.00
# Visual Studio Version 17
VisualStudioVersion = 17.5.33530.505
MinimumVisualStudioVersion = 10.0.40219.1
Project("{FAE04EC0-301F-11D3-BF4B-00C04F79EFBC}") = "WindowsFormsApp1", "WindowsFormsApp1\WindowsFormsApp1.csproj", "{9E39446A-F6F6-427C-AB1C-543DAFD01540}"
EndProject
Global
	GlobalSection(SolutionConfigurationPlatforms) = preSolution
		Debug|Any CPU = Debug|Any CPU
		Release|Any CPU = Release|Any CPU
	EndGlobalSection
	GlobalSection(ProjectConfigurationPlatforms) = postSolution
		{9E39446A-F6F6-427C-AB1C-543DAFD01540}.Debug|Any CPU.ActiveCfg = Debug|Any CPU
		{9E39446A-F6F6-427C-AB1C-543DAFD01540}.Debug|Any CPU.Build.0 = Debug|Any CPU
		{9E39446A-F6F6-427C-AB1C-543DAFD01540}.Release|Any CPU.ActiveCfg = Release|Any CPU
		{9E39446A-F6F6-427C-AB1C-543DAFD01540}.Release|Any CPU.Build.0 = Release|Any CPU
	EndGlobalSection
	GlobalSection(SolutionProperties) = preSolution
		HideSolutionNode = FALSE
	EndGlobalSection
	GlobalSection(ExtensibilityGlobals) = postSolution
		SolutionGuid = {0E9DB8E9-D9F0-45D4-A201-6370303DC77C}
	EndGlobalSection
EndGlobal
