
Microsoft Visual Studio Solution File, Format Version 12.00
# Visual Studio Version 17
VisualStudioVersion = 17.4.33213.308
MinimumVisualStudioVersion = 10.0.40219.1
Project("{FAE04EC0-301F-11D3-BF4B-00C04F79EFBC}") = "q15", "q15\q15.csproj", "{0EE33E13-767D-47DF-8612-1B88D1DE70D7}"
EndProject
Global
	GlobalSection(SolutionConfigurationPlatforms) = preSolution
		Debug|Any CPU = Debug|Any CPU
		Release|Any CPU = Release|Any CPU
	EndGlobalSection
	GlobalSection(ProjectConfigurationPlatforms) = postSolution
		{0EE33E13-767D-47DF-8612-1B88D1DE70D7}.Debug|Any CPU.ActiveCfg = Debug|Any CPU
		{0EE33E13-767D-47DF-8612-1B88D1DE70D7}.Debug|Any CPU.Build.0 = Debug|Any CPU
		{0EE33E13-767D-47DF-8612-1B88D1DE70D7}.Release|Any CPU.ActiveCfg = Release|Any CPU
		{0EE33E13-767D-47DF-8612-1B88D1DE70D7}.Release|Any CPU.Build.0 = Release|Any CPU
	EndGlobalSection
	GlobalSection(SolutionProperties) = preSolution
		HideSolutionNode = FALSE
	EndGlobalSection
	GlobalSection(ExtensibilityGlobals) = postSolution
		SolutionGuid = {93DF0853-EFCF-45A2-B405-06EE6FB3D4FE}
	EndGlobalSection
EndGlobal
