
Microsoft Visual Studio Solution File, Format Version 12.00
# Visual Studio Version 17
VisualStudioVersion = 17.4.33213.308
MinimumVisualStudioVersion = 10.0.40219.1
Project("{FAE04EC0-301F-11D3-BF4B-00C04F79EFBC}") = "Q6", "Q6\Q6.csproj", "{023311E6-B1FA-48C7-BA03-2360CDD92E54}"
EndProject
Global
	GlobalSection(SolutionConfigurationPlatforms) = preSolution
		Debug|Any CPU = Debug|Any CPU
		Release|Any CPU = Release|Any CPU
	EndGlobalSection
	GlobalSection(ProjectConfigurationPlatforms) = postSolution
		{023311E6-B1FA-48C7-BA03-2360CDD92E54}.Debug|Any CPU.ActiveCfg = Debug|Any CPU
		{023311E6-B1FA-48C7-BA03-2360CDD92E54}.Debug|Any CPU.Build.0 = Debug|Any CPU
		{023311E6-B1FA-48C7-BA03-2360CDD92E54}.Release|Any CPU.ActiveCfg = Release|Any CPU
		{023311E6-B1FA-48C7-BA03-2360CDD92E54}.Release|Any CPU.Build.0 = Release|Any CPU
	EndGlobalSection
	GlobalSection(SolutionProperties) = preSolution
		HideSolutionNode = FALSE
	EndGlobalSection
	GlobalSection(ExtensibilityGlobals) = postSolution
		SolutionGuid = {23C1C052-EDA8-4CA9-AB5E-CC82741F2AC4}
	EndGlobalSection
EndGlobal
