
Microsoft Visual Studio Solution File, Format Version 12.00
# Visual Studio Version 17
VisualStudioVersion = 17.4.33213.308
MinimumVisualStudioVersion = 10.0.40219.1
Project("{FAE04EC0-301F-11D3-BF4B-00C04F79EFBC}") = "Q8", "Q8\Q8.csproj", "{554BB1EE-A4B6-4DE1-A2AE-D67EC119C067}"
EndProject
Global
	GlobalSection(SolutionConfigurationPlatforms) = preSolution
		Debug|Any CPU = Debug|Any CPU
		Release|Any CPU = Release|Any CPU
	EndGlobalSection
	GlobalSection(ProjectConfigurationPlatforms) = postSolution
		{554BB1EE-A4B6-4DE1-A2AE-D67EC119C067}.Debug|Any CPU.ActiveCfg = Debug|Any CPU
		{554BB1EE-A4B6-4DE1-A2AE-D67EC119C067}.Debug|Any CPU.Build.0 = Debug|Any CPU
		{554BB1EE-A4B6-4DE1-A2AE-D67EC119C067}.Release|Any CPU.ActiveCfg = Release|Any CPU
		{554BB1EE-A4B6-4DE1-A2AE-D67EC119C067}.Release|Any CPU.Build.0 = Release|Any CPU
	EndGlobalSection
	GlobalSection(SolutionProperties) = preSolution
		HideSolutionNode = FALSE
	EndGlobalSection
	GlobalSection(ExtensibilityGlobals) = postSolution
		SolutionGuid = {9AF849FE-744E-422B-B5D0-16FD90D79367}
	EndGlobalSection
EndGlobal
